// !$*UTF8*$!
{
	archiveVersion = 1;
	classes = {
	};
	objectVersion = 56;
	objects = {

/* Begin PBXBuildFile section */
		A10000000000000000000001 /* ClaudeCarbonApp.swift in Sources */ = {isa = PBXBuildFile; fileRef = A20000000000000000000001 /* ClaudeCarbonApp.swift */; };
		A10000000000000000000002 /* AppDelegate.swift in Sources */ = {isa = PBXBuildFile; fileRef = A20000000000000000000002 /* AppDelegate.swift */; };
		A10000000000000000000003 /* URLSchemeHandler.swift in Sources */ = {isa = PBXBuildFile; fileRef = A20000000000000000000003 /* URLSchemeHandler.swift */; };
		A10000000000000000000004 /* Session.swift in Sources */ = {isa = PBXBuildFile; fileRef = A20000000000000000000004 /* Session.swift */; };
		A10000000000000000000005 /* EnergyEstimate.swift in Sources */ = {isa = PBXBuildFile; fileRef = A20000000000000000000005 /* EnergyEstimate.swift */; };
		A10000000000000000000006 /* Methodology.swift in Sources */ = {isa = PBXBuildFile; fileRef = A20000000000000000000006 /* Methodology.swift */; };
		A10000000000000000000007 /* HistoryMonitor.swift in Sources */ = {isa = PBXBuildFile; fileRef = A20000000000000000000007 /* HistoryMonitor.swift */; };
		A10000000000000000000009 /* EnergyCalculator.swift in Sources */ = {isa = PBXBuildFile; fileRef = A20000000000000000000009 /* EnergyCalculator.swift */; };
		A10000000000000000000013 /* SessionJSONLMonitor.swift in Sources */ = {isa = PBXBuildFile; fileRef = A20000000000000000000013 /* SessionJSONLMonitor.swift */; };
		A1000000000000000000000A /* DataStore.swift in Sources */ = {isa = PBXBuildFile; fileRef = A2000000000000000000000A /* DataStore.swift */; };
		A1000000000000000000000B /* MenuBarView.swift in Sources */ = {isa = PBXBuildFile; fileRef = A2000000000000000000000B /* MenuBarView.swift */; };
		A1000000000000000000000C /* SessionRow.swift in Sources */ = {isa = PBXBuildFile; fileRef = A2000000000000000000000C /* SessionRow.swift */; };
		A1000000000000000000000D /* StatsView.swift in Sources */ = {isa = PBXBuildFile; fileRef = A2000000000000000000000D /* StatsView.swift */; };
		A1000000000000000000000E /* ComparisonView.swift in Sources */ = {isa = PBXBuildFile; fileRef = A2000000000000000000000E /* ComparisonView.swift */; };
		A1000000000000000000000F /* SettingsView.swift in Sources */ = {isa = PBXBuildFile; fileRef = A2000000000000000000000F /* SettingsView.swift */; };
		A10000000000000000000010 /* Assets.xcassets in Resources */ = {isa = PBXBuildFile; fileRef = A20000000000000000000010 /* Assets.xcassets */; };
		A10000000000000000000011 /* Methodology.json in Resources */ = {isa = PBXBuildFile; fileRef = A20000000000000000000011 /* Methodology.json */; };
		A10000000000000000000012 /* SessionCoordinator.swift in Sources */ = {isa = PBXBuildFile; fileRef = A20000000000000000000012 /* SessionCoordinator.swift */; };
		A10000000000000000000014 /* ActivityIndicator.swift in Sources */ = {isa = PBXBuildFile; fileRef = A20000000000000000000014 /* ActivityIndicator.swift */; };
		A10000000000000000000015 /* MenuBarIconView.swift in Sources */ = {isa = PBXBuildFile; fileRef = A20000000000000000000015 /* MenuBarIconView.swift */; };
		A10000000000000000000016 /* ViewModePicker.swift in Sources */ = {isa = PBXBuildFile; fileRef = A20000000000000000000016 /* ViewModePicker.swift */; };
		A10000000000000000000017 /* ChartsView.swift in Sources */ = {isa = PBXBuildFile; fileRef = A20000000000000000000017 /* ChartsView.swift */; };
		A10000000000000000000018 /* Color+Theme.swift in Sources */ = {isa = PBXBuildFile; fileRef = A20000000000000000000018 /* Color+Theme.swift */; };
		A10000000000000000000019 /* Theme.swift in Sources */ = {isa = PBXBuildFile; fileRef = A20000000000000000000019 /* Theme.swift */; };
/* End PBXBuildFile section */

/* Begin PBXFileReference section */
		A20000000000000000000001 /* ClaudeCarbonApp.swift */ = {isa = PBXFileReference; lastKnownFileType = sourcecode.swift; path = ClaudeCarbonApp.swift; sourceTree = "<group>"; };
		A20000000000000000000002 /* AppDelegate.swift */ = {isa = PBXFileReference; lastKnownFileType = sourcecode.swift; path = AppDelegate.swift; sourceTree = "<group>"; };
		A20000000000000000000003 /* URLSchemeHandler.swift */ = {isa = PBXFileReference; lastKnownFileType = sourcecode.swift; path = URLSchemeHandler.swift; sourceTree = "<group>"; };
		A20000000000000000000004 /* Session.swift */ = {isa = PBXFileReference; lastKnownFileType = sourcecode.swift; path = Session.swift; sourceTree = "<group>"; };
		A20000000000000000000005 /* EnergyEstimate.swift */ = {isa = PBXFileReference; lastKnownFileType = sourcecode.swift; path = EnergyEstimate.swift; sourceTree = "<group>"; };
		A20000000000000000000006 /* Methodology.swift */ = {isa = PBXFileReference; lastKnownFileType = sourcecode.swift; path = Methodology.swift; sourceTree = "<group>"; };
		A20000000000000000000007 /* HistoryMonitor.swift */ = {isa = PBXFileReference; lastKnownFileType = sourcecode.swift; path = HistoryMonitor.swift; sourceTree = "<group>"; };
		A20000000000000000000009 /* EnergyCalculator.swift */ = {isa = PBXFileReference; lastKnownFileType = sourcecode.swift; path = EnergyCalculator.swift; sourceTree = "<group>"; };
		A20000000000000000000013 /* SessionJSONLMonitor.swift */ = {isa = PBXFileReference; lastKnownFileType = sourcecode.swift; path = SessionJSONLMonitor.swift; sourceTree = "<group>"; };
		A2000000000000000000000A /* DataStore.swift */ = {isa = PBXFileReference; lastKnownFileType = sourcecode.swift; path = DataStore.swift; sourceTree = "<group>"; };
		A2000000000000000000000B /* MenuBarView.swift */ = {isa = PBXFileReference; lastKnownFileType = sourcecode.swift; path = MenuBarView.swift; sourceTree = "<group>"; };
		A2000000000000000000000C /* SessionRow.swift */ = {isa = PBXFileReference; lastKnownFileType = sourcecode.swift; path = SessionRow.swift; sourceTree = "<group>"; };
		A2000000000000000000000D /* StatsView.swift */ = {isa = PBXFileReference; lastKnownFileType = sourcecode.swift; path = StatsView.swift; sourceTree = "<group>"; };
		A2000000000000000000000E /* ComparisonView.swift */ = {isa = PBXFileReference; lastKnownFileType = sourcecode.swift; path = ComparisonView.swift; sourceTree = "<group>"; };
		A2000000000000000000000F /* SettingsView.swift */ = {isa = PBXFileReference; lastKnownFileType = sourcecode.swift; path = SettingsView.swift; sourceTree = "<group>"; };
		A20000000000000000000010 /* Assets.xcassets */ = {isa = PBXFileReference; lastKnownFileType = folder.assetcatalog; path = Assets.xcassets; sourceTree = "<group>"; };
		A20000000000000000000011 /* Methodology.json */ = {isa = PBXFileReference; lastKnownFileType = text.json; path = Methodology.json; sourceTree = "<group>"; };
		A20000000000000000000012 /* SessionCoordinator.swift */ = {isa = PBXFileReference; lastKnownFileType = sourcecode.swift; path = SessionCoordinator.swift; sourceTree = "<group>"; };
		A20000000000000000000014 /* ActivityIndicator.swift */ = {isa = PBXFileReference; lastKnownFileType = sourcecode.swift; path = ActivityIndicator.swift; sourceTree = "<group>"; };
		A20000000000000000000015 /* MenuBarIconView.swift */ = {isa = PBXFileReference; lastKnownFileType = sourcecode.swift; path = MenuBarIconView.swift; sourceTree = "<group>"; };
		A20000000000000000000016 /* ViewModePicker.swift */ = {isa = PBXFileReference; lastKnownFileType = sourcecode.swift; path = ViewModePicker.swift; sourceTree = "<group>"; };
		A20000000000000000000017 /* ChartsView.swift */ = {isa = PBXFileReference; lastKnownFileType = sourcecode.swift; path = ChartsView.swift; sourceTree = "<group>"; };
		A20000000000000000000018 /* Color+Theme.swift */ = {isa = PBXFileReference; lastKnownFileType = sourcecode.swift; path = "Color+Theme.swift"; sourceTree = "<group>"; };
		A20000000000000000000019 /* Theme.swift */ = {isa = PBXFileReference; lastKnownFileType = sourcecode.swift; path = Theme.swift; sourceTree = "<group>"; };
		A30000000000000000000001 /* ClaudeCarbon.app */ = {isa = PBXFileReference; explicitFileType = wrapper.application; includeInIndex = 0; path = ClaudeCarbon.app; sourceTree = BUILT_PRODUCTS_DIR; };
/* End PBXFileReference section */

/* Begin PBXFrameworksBuildPhase section */
		A40000000000000000000001 /* Frameworks */ = {
			isa = PBXFrameworksBuildPhase;
			buildActionMask = 2147483647;
			files = (
			);
			runOnlyForDeploymentPostprocessing = 0;
		};
/* End PBXFrameworksBuildPhase section */

/* Begin PBXGroup section */
		A50000000000000000000001 = {
			isa = PBXGroup;
			children = (
				A50000000000000000000002 /* ClaudeCarbon */,
				A50000000000000000000003 /* Products */,
			);
			sourceTree = "<group>";
		};
		A50000000000000000000002 /* ClaudeCarbon */ = {
			isa = PBXGroup;
			children = (
				A50000000000000000000004 /* App */,
				A50000000000000000000005 /* Models */,
				A50000000000000000000006 /* Services */,
				A50000000000000000000007 /* Views */,
				A50000000000000000000008 /* Resources */,
			);
			path = ClaudeCarbon;
			sourceTree = "<group>";
		};
		A50000000000000000000003 /* Products */ = {
			isa = PBXGroup;
			children = (
				A30000000000000000000001 /* ClaudeCarbon.app */,
			);
			name = Products;
			sourceTree = "<group>";
		};
		A50000000000000000000004 /* App */ = {
			isa = PBXGroup;
			children = (
				A20000000000000000000001 /* ClaudeCarbonApp.swift */,
				A20000000000000000000002 /* AppDelegate.swift */,
				A20000000000000000000003 /* URLSchemeHandler.swift */,
				A20000000000000000000018 /* Color+Theme.swift */,
				A20000000000000000000019 /* Theme.swift */,
			);
			path = App;
			sourceTree = "<group>";
		};
		A50000000000000000000005 /* Models */ = {
			isa = PBXGroup;
			children = (
				A20000000000000000000004 /* Session.swift */,
				A20000000000000000000005 /* EnergyEstimate.swift */,
				A20000000000000000000006 /* Methodology.swift */,
			);
			path = Models;
			sourceTree = "<group>";
		};
		A50000000000000000000006 /* Services */ = {
			isa = PBXGroup;
			children = (
				A20000000000000000000007 /* HistoryMonitor.swift */,
				A20000000000000000000013 /* SessionJSONLMonitor.swift */,
				A20000000000000000000009 /* EnergyCalculator.swift */,
				A2000000000000000000000A /* DataStore.swift */,
				A20000000000000000000012 /* SessionCoordinator.swift */,
				A20000000000000000000014 /* ActivityIndicator.swift */,
			);
			path = Services;
			sourceTree = "<group>";
		};
		A50000000000000000000007 /* Views */ = {
			isa = PBXGroup;
			children = (
				A2000000000000000000000B /* MenuBarView.swift */,
				A20000000000000000000015 /* MenuBarIconView.swift */,
				A20000000000000000000016 /* ViewModePicker.swift */,
				A20000000000000000000017 /* ChartsView.swift */,
				A2000000000000000000000C /* SessionRow.swift */,
				A2000000000000000000000D /* StatsView.swift */,
				A2000000000000000000000E /* ComparisonView.swift */,
				A2000000000000000000000F /* SettingsView.swift */,
			);
			path = Views;
			sourceTree = "<group>";
		};
		A50000000000000000000008 /* Resources */ = {
			isa = PBXGroup;
			children = (
				A20000000000000000000010 /* Assets.xcassets */,
				A20000000000000000000011 /* Methodology.json */,
			);
			path = Resources;
			sourceTree = "<group>";
		};
/* End PBXGroup section */

/* Begin PBXNativeTarget section */
		A60000000000000000000001 /* ClaudeCarbon */ = {
			isa = PBXNativeTarget;
			buildConfigurationList = A80000000000000000000001 /* Build configuration list for PBXNativeTarget "ClaudeCarbon" */;
			buildPhases = (
				A70000000000000000000001 /* Sources */,
				A40000000000000000000001 /* Frameworks */,
				A70000000000000000000002 /* Resources */,
			);
			buildRules = (
			);
			dependencies = (
			);
			name = ClaudeCarbon;
			productName = ClaudeCarbon;
			productReference = A30000000000000000000001 /* ClaudeCarbon.app */;
			productType = "com.apple.product-type.application";
		};
/* End PBXNativeTarget section */

/* Begin PBXProject section */
		A90000000000000000000001 /* Project object */ = {
			isa = PBXProject;
			attributes = {
				BuildIndependentTargetsInParallel = 1;
				LastSwiftUpdateCheck = 1500;
				LastUpgradeCheck = 2610;
				TargetAttributes = {
					A60000000000000000000001 = {
						CreatedOnToolsVersion = 15.0;
					};
				};
			};
			buildConfigurationList = A80000000000000000000002 /* Build configuration list for PBXProject "ClaudeCarbon" */;
			compatibilityVersion = "Xcode 14.0";
			developmentRegion = en;
			hasScannedForEncodings = 0;
			knownRegions = (
				en,
				Base,
			);
			mainGroup = A50000000000000000000001;
			productRefGroup = A50000000000000000000003 /* Products */;
			projectDirPath = "";
			projectRoot = "";
			targets = (
				A60000000000000000000001 /* ClaudeCarbon */,
			);
		};
/* End PBXProject section */

/* Begin PBXResourcesBuildPhase section */
		A70000000000000000000002 /* Resources */ = {
			isa = PBXResourcesBuildPhase;
			buildActionMask = 2147483647;
			files = (
				A10000000000000000000010 /* Assets.xcassets in Resources */,
				A10000000000000000000011 /* Methodology.json in Resources */,
			);
			runOnlyForDeploymentPostprocessing = 0;
		};
/* End PBXResourcesBuildPhase section */

/* Begin PBXSourcesBuildPhase section */
		A70000000000000000000001 /* Sources */ = {
			isa = PBXSourcesBuildPhase;
			buildActionMask = 2147483647;
			files = (
				A10000000000000000000001 /* ClaudeCarbonApp.swift in Sources */,
				A10000000000000000000002 /* AppDelegate.swift in Sources */,
				A10000000000000000000003 /* URLSchemeHandler.swift in Sources */,
				A10000000000000000000004 /* Session.swift in Sources */,
				A10000000000000000000005 /* EnergyEstimate.swift in Sources */,
				A10000000000000000000006 /* Methodology.swift in Sources */,
				A10000000000000000000007 /* HistoryMonitor.swift in Sources */,
				A10000000000000000000013 /* SessionJSONLMonitor.swift in Sources */,
				A10000000000000000000009 /* EnergyCalculator.swift in Sources */,
				A1000000000000000000000A /* DataStore.swift in Sources */,
				A1000000000000000000000B /* MenuBarView.swift in Sources */,
				A1000000000000000000000C /* SessionRow.swift in Sources */,
				A1000000000000000000000D /* StatsView.swift in Sources */,
				A1000000000000000000000E /* ComparisonView.swift in Sources */,
				A1000000000000000000000F /* SettingsView.swift in Sources */,
				A10000000000000000000012 /* SessionCoordinator.swift in Sources */,
				A10000000000000000000014 /* ActivityIndicator.swift in Sources */,
				A10000000000000000000015 /* MenuBarIconView.swift in Sources */,
				A10000000000000000000016 /* ViewModePicker.swift in Sources */,
				A10000000000000000000017 /* ChartsView.swift in Sources */,
				A10000000000000000000018 /* Color+Theme.swift in Sources */,
				A10000000000000000000019 /* Theme.swift in Sources */,
			);
			runOnlyForDeploymentPostprocessing = 0;
		};
/* End PBXSourcesBuildPhase section */

/* Begin XCBuildConfiguration section */
		B10000000000000000000001 /* Debug */ = {
			isa = XCBuildConfiguration;
			buildSettings = {
				ALWAYS_SEARCH_USER_PATHS = NO;
				ASSETCATALOG_COMPILER_GENERATE_SWIFT_ASSET_SYMBOL_EXTENSIONS = YES;
				CLANG_ANALYZER_NONNULL = YES;
				CLANG_ANALYZER_NUMBER_OBJECT_CONVERSION = YES_AGGRESSIVE;
				CLANG_CXX_LANGUAGE_STANDARD = "gnu++20";
				CLANG_ENABLE_MODULES = YES;
				CLANG_ENABLE_OBJC_ARC = YES;
				CLANG_ENABLE_OBJC_WEAK = YES;
				CLANG_WARN_BLOCK_CAPTURE_AUTORELEASING = YES;
				CLANG_WARN_BOOL_CONVERSION = YES;
				CLANG_WARN_COMMA = YES;
				CLANG_WARN_CONSTANT_CONVERSION = YES;
				CLANG_WARN_DEPRECATED_OBJC_IMPLEMENTATIONS = YES;
				CLANG_WARN_DIRECT_OBJC_ISA_USAGE = YES_ERROR;
				CLANG_WARN_DOCUMENTATION_COMMENTS = YES;
				CLANG_WARN_EMPTY_BODY = YES;
				CLANG_WARN_ENUM_CONVERSION = YES;
				CLANG_WARN_INFINITE_RECURSION = YES;
				CLANG_WARN_INT_CONVERSION = YES;
				CLANG_WARN_NON_LITERAL_NULL_CONVERSION = YES;
				CLANG_WARN_OBJC_IMPLICIT_RETAIN_SELF = YES;
				CLANG_WARN_OBJC_LITERAL_CONVERSION = YES;
				CLANG_WARN_OBJC_ROOT_CLASS = YES_ERROR;
				CLANG_WARN_QUOTED_INCLUDE_IN_FRAMEWORK_HEADER = YES;
				CLANG_WARN_RANGE_LOOP_ANALYSIS = YES;
				CLANG_WARN_STRICT_PROTOTYPES = YES;
				CLANG_WARN_SUSPICIOUS_MOVE = YES;
				CLANG_WARN_UNGUARDED_AVAILABILITY = YES_AGGRESSIVE;
				CLANG_WARN_UNREACHABLE_CODE = YES;
				CLANG_WARN__DUPLICATE_METHOD_MATCH = YES;
				COPY_PHASE_STRIP = NO;
				DEAD_CODE_STRIPPING = YES;
				DEBUG_INFORMATION_FORMAT = dwarf;
				ENABLE_STRICT_OBJC_MSGSEND = YES;
				ENABLE_TESTABILITY = YES;
				ENABLE_USER_SCRIPT_SANDBOXING = YES;
				GCC_C_LANGUAGE_STANDARD = gnu17;
				GCC_DYNAMIC_NO_PIC = NO;
				GCC_NO_COMMON_BLOCKS = YES;
				GCC_OPTIMIZATION_LEVEL = 0;
				GCC_PREPROCESSOR_DEFINITIONS = (
					"DEBUG=1",
					"$(inherited)",
				);
				GCC_WARN_64_TO_32_BIT_CONVERSION = YES;
				GCC_WARN_ABOUT_RETURN_TYPE = YES_ERROR;
				GCC_WARN_UNDECLARED_SELECTOR = YES;
				GCC_WARN_UNINITIALIZED_AUTOS = YES_AGGRESSIVE;
				GCC_WARN_UNUSED_FUNCTION = YES;
				GCC_WARN_UNUSED_VARIABLE = YES;
				MACOSX_DEPLOYMENT_TARGET = 14.0;
				MTL_ENABLE_DEBUG_INFO = INCLUDE_SOURCE;
				MTL_FAST_MATH = YES;
				ONLY_ACTIVE_ARCH = YES;
				SDKROOT = macosx;
				STRING_CATALOG_GENERATE_SYMBOLS = YES;
				SWIFT_ACTIVE_COMPILATION_CONDITIONS = "DEBUG $(inherited)";
				SWIFT_OPTIMIZATION_LEVEL = "-Onone";
			};
			name = Debug;
		};
		B10000000000000000000002 /* Release */ = {
			isa = XCBuildConfiguration;
			buildSettings = {
				ALWAYS_SEARCH_USER_PATHS = NO;
				ASSETCATALOG_COMPILER_GENERATE_SWIFT_ASSET_SYMBOL_EXTENSIONS = YES;
				CLANG_ANALYZER_NONNULL = YES;
				CLANG_ANALYZER_NUMBER_OBJECT_CONVERSION = YES_AGGRESSIVE;
				CLANG_CXX_LANGUAGE_STANDARD = "gnu++20";
				CLANG_ENABLE_MODULES = YES;
				CLANG_ENABLE_OBJC_ARC = YES;
				CLANG_ENABLE_OBJC_WEAK = YES;
				CLANG_WARN_BLOCK_CAPTURE_AUTORELEASING = YES;
				CLANG_WARN_BOOL_CONVERSION = YES;
				CLANG_WARN_COMMA = YES;
				CLANG_WARN_CONSTANT_CONVERSION = YES;
				CLANG_WARN_DEPRECATED_OBJC_IMPLEMENTATIONS = YES;
				CLANG_WARN_DIRECT_OBJC_ISA_USAGE = YES_ERROR;
				CLANG_WARN_DOCUMENTATION_COMMENTS = YES;
				CLANG_WARN_EMPTY_BODY = YES;
				CLANG_WARN_ENUM_CONVERSION = YES;
				CLANG_WARN_INFINITE_RECURSION = YES;
				CLANG_WARN_INT_CONVERSION = YES;
				CLANG_WARN_NON_LITERAL_NULL_CONVERSION = YES;
				CLANG_WARN_OBJC_IMPLICIT_RETAIN_SELF = YES;
				CLANG_WARN_OBJC_LITERAL_CONVERSION = YES;
				CLANG_WARN_OBJC_ROOT_CLASS = YES_ERROR;
				CLANG_WARN_QUOTED_INCLUDE_IN_FRAMEWORK_HEADER = YES;
				CLANG_WARN_RANGE_LOOP_ANALYSIS = YES;
				CLANG_WARN_STRICT_PROTOTYPES = YES;
				CLANG_WARN_SUSPICIOUS_MOVE = YES;
				CLANG_WARN_UNGUARDED_AVAILABILITY = YES_AGGRESSIVE;
				CLANG_WARN_UNREACHABLE_CODE = YES;
				CLANG_WARN__DUPLICATE_METHOD_MATCH = YES;
				COPY_PHASE_STRIP = NO;
				DEAD_CODE_STRIPPING = YES;
				DEBUG_INFORMATION_FORMAT = "dwarf-with-dsym";
				ENABLE_NS_ASSERTIONS = NO;
				ENABLE_STRICT_OBJC_MSGSEND = YES;
				ENABLE_USER_SCRIPT_SANDBOXING = YES;
				GCC_C_LANGUAGE_STANDARD = gnu17;
				GCC_NO_COMMON_BLOCKS = YES;
				GCC_WARN_64_TO_32_BIT_CONVERSION = YES;
				GCC_WARN_ABOUT_RETURN_TYPE = YES_ERROR;
				GCC_WARN_UNDECLARED_SELECTOR = YES;
				GCC_WARN_UNINITIALIZED_AUTOS = YES_AGGRESSIVE;
				GCC_WARN_UNUSED_FUNCTION = YES;
				GCC_WARN_UNUSED_VARIABLE = YES;
				MACOSX_DEPLOYMENT_TARGET = 14.0;
				MTL_ENABLE_DEBUG_INFO = NO;
				MTL_FAST_MATH = YES;
				SDKROOT = macosx;
				STRING_CATALOG_GENERATE_SYMBOLS = YES;
				SWIFT_COMPILATION_MODE = wholemodule;
			};
			name = Release;
		};
		B10000000000000000000003 /* Debug */ = {
			isa = XCBuildConfiguration;
			buildSettings = {
				ASSETCATALOG_COMPILER_APPICON_NAME = AppIcon;
				ASSETCATALOG_COMPILER_GLOBAL_ACCENT_COLOR_NAME = AccentColor;
				CODE_SIGN_ENTITLEMENTS = ClaudeCarbon/ClaudeCarbon.entitlements;
				CODE_SIGN_STYLE = Automatic;
				COMBINE_HIDPI_IMAGES = YES;
				CURRENT_PROJECT_VERSION = 1;
				DEAD_CODE_STRIPPING = YES;
				DEVELOPMENT_TEAM = "";
				ENABLE_APP_SANDBOX = NO;
				ENABLE_HARDENED_RUNTIME = YES;
				ENABLE_USER_SELECTED_FILES = readwrite;
				GENERATE_INFOPLIST_FILE = YES;
				INFOPLIST_FILE = ClaudeCarbon/Info.plist;
				INFOPLIST_KEY_CFBundleDisplayName = "Claude Carbon";
				INFOPLIST_KEY_LSApplicationCategoryType = "public.app-category.utilities";
				INFOPLIST_KEY_LSUIElement = YES;
				INFOPLIST_KEY_NSHumanReadableCopyright = "";
				LD_RUNPATH_SEARCH_PATHS = (
					"$(inherited)",
					"@executable_path/../Frameworks",
				);
				MARKETING_VERSION = 1.0;
				PRODUCT_BUNDLE_IDENTIFIER = com.claudecarbon.app;
				PRODUCT_NAME = "$(TARGET_NAME)";
				SWIFT_EMIT_LOC_STRINGS = YES;
				SWIFT_VERSION = 5.0;
			};
			name = Debug;
		};
		B10000000000000000000004 /* Release */ = {
			isa = XCBuildConfiguration;
			buildSettings = {
				ASSETCATALOG_COMPILER_APPICON_NAME = AppIcon;
				ASSETCATALOG_COMPILER_GLOBAL_ACCENT_COLOR_NAME = AccentColor;
				CODE_SIGN_ENTITLEMENTS = ClaudeCarbon/ClaudeCarbon.entitlements;
				CODE_SIGN_STYLE = Automatic;
				COMBINE_HIDPI_IMAGES = YES;
				CURRENT_PROJECT_VERSION = 1;
				DEAD_CODE_STRIPPING = YES;
				DEVELOPMENT_TEAM = "";
				ENABLE_APP_SANDBOX = NO;
				ENABLE_HARDENED_RUNTIME = YES;
				ENABLE_USER_SELECTED_FILES = readwrite;
				GENERATE_INFOPLIST_FILE = YES;
				INFOPLIST_FILE = ClaudeCarbon/Info.plist;
				INFOPLIST_KEY_CFBundleDisplayName = "Claude Carbon";
				INFOPLIST_KEY_LSApplicationCategoryType = "public.app-category.utilities";
				INFOPLIST_KEY_LSUIElement = YES;
				INFOPLIST_KEY_NSHumanReadableCopyright = "";
				LD_RUNPATH_SEARCH_PATHS = (
					"$(inherited)",
					"@executable_path/../Frameworks",
				);
				MARKETING_VERSION = 1.0;
				PRODUCT_BUNDLE_IDENTIFIER = com.claudecarbon.app;
				PRODUCT_NAME = "$(TARGET_NAME)";
				SWIFT_EMIT_LOC_STRINGS = YES;
				SWIFT_VERSION = 5.0;
			};
			name = Release;
		};
/* End XCBuildConfiguration section */

/* Begin XCConfigurationList section */
		A80000000000000000000001 /* Build configuration list for PBXNativeTarget "ClaudeCarbon" */ = {
			isa = XCConfigurationList;
			buildConfigurations = (
				B10000000000000000000003 /* Debug */,
				B10000000000000000000004 /* Release */,
			);
			defaultConfigurationIsVisible = 0;
			defaultConfigurationName = Release;
		};
		A80000000000000000000002 /* Build configuration list for PBXProject "ClaudeCarbon" */ = {
			isa = XCConfigurationList;
			buildConfigurations = (
				B10000000000000000000001 /* Debug */,
				B10000000000000000000002 /* Release */,
			);
			defaultConfigurationIsVisible = 0;
			defaultConfigurationName = Release;
		};
/* End XCConfigurationList section */
	};
	rootObject = A90000000000000000000001 /* Project object */;
}
